// !$*UTF8*$!
{
	archiveVersion = 1;
	classes = {
	};
	objectVersion = 46;
	objects = {

/* Begin PBXBuildFile section */
		945225601D40EBAE001B7EC3 /* main.m in Sources */ = {isa = PBXBuildFile; fileRef = 9452255F1D40EBAE001B7EC3 /* main.m */; };
		945225631D40EBAE001B7EC3 /* AppDelegate.m in Sources */ = {isa = PBXBuildFile; fileRef = 945225621D40EBAE001B7EC3 /* AppDelegate.m */; };
		945225661D40EBAE001B7EC3 /* ViewController.m in Sources */ = {isa = PBXBuildFile; fileRef = 945225651D40EBAE001B7EC3 /* ViewController.m */; };
		945225691D40EBAE001B7EC3 /* Main.storyboard in Resources */ = {isa = PBXBuildFile; fileRef = 945225671D40EBAE001B7EC3 /* Main.storyboard */; };
		9452256B1D40EBAE001B7EC3 /* Assets.xcassets in Resources */ = {isa = PBXBuildFile; fileRef = 9452256A1D40EBAE001B7EC3 /* Assets.xcassets */; };
		9452256E1D40EBAE001B7EC3 /* LaunchScreen.storyboard in Resources */ = {isa = PBXBuildFile; fileRef = 9452256C1D40EBAE001B7EC3 /* LaunchScreen.storyboard */; };
		945225791D40EBAE001B7EC3 /* WYCountdownButtonDemoTests.m in Sources */ = {isa = PBXBuildFile; fileRef = 945225781D40EBAE001B7EC3 /* WYCountdownButtonDemoTests.m */; };
		945225841D40EBAE001B7EC3 /* WYCountdownButtonDemoUITests.m in Sources */ = {isa = PBXBuildFile; fileRef = 945225831D40EBAE001B7EC3 /* WYCountdownButtonDemoUITests.m */; };
		945225941D40EBF5001B7EC3 /* WYCountdownButton.m in Sources */ = {isa = PBXBuildFile; fileRef = 945225931D40EBF5001B7EC3 /* WYCountdownButton.m */; };
		945225971D410459001B7EC3 /* countDownGIF.gif in Resources */ = {isa = PBXBuildFile; fileRef = 945225961D410459001B7EC3 /* countDownGIF.gif */; };
/* End PBXBuildFile section */

/* Begin PBXContainerItemProxy section */
		945225751D40EBAE001B7EC3 /* PBXContainerItemProxy */ = {
			isa = PBXContainerItemProxy;
			containerPortal = 945225531D40EBAE001B7EC3 /* Project object */;
			proxyType = 1;
			remoteGlobalIDString = 9452255A1D40EBAE001B7EC3;
			remoteInfo = WYCountdownButtonDemo;
		};
		945225801D40EBAE001B7EC3 /* PBXContainerItemProxy */ = {
			isa = PBXContainerItemProxy;
			containerPortal = 945225531D40EBAE001B7EC3 /* Project object */;
			proxyType = 1;
			remoteGlobalIDString = 9452255A1D40EBAE001B7EC3;
			remoteInfo = WYCountdownButtonDemo;
		};
/* End PBXContainerItemProxy section */

/* Begin PBXFileReference section */
		9452255B1D40EBAE001B7EC3 /* WYCountdownButtonDemo.app */ = {isa = PBXFileReference; explicitFileType = wrapper.application; includeInIndex = 0; path = WYCountdownButtonDemo.app; sourceTree = BUILT_PRODUCTS_DIR; };
		9452255F1D40EBAE001B7EC3 /* main.m */ = {isa = PBXFileReference; lastKnownFileType = sourcecode.c.objc; path = main.m; sourceTree = "<group>"; };
		945225611D40EBAE001B7EC3 /* AppDelegate.h */ = {isa = PBXFileReference; lastKnownFileType = sourcecode.c.h; path = AppDelegate.h; sourceTree = "<group>"; };
		945225621D40EBAE001B7EC3 /* AppDelegate.m */ = {isa = PBXFileReference; lastKnownFileType = sourcecode.c.objc; path = AppDelegate.m; sourceTree = "<group>"; };
		945225641D40EBAE001B7EC3 /* ViewController.h */ = {isa = PBXFileReference; lastKnownFileType = sourcecode.c.h; path = ViewController.h; sourceTree = "<group>"; };
		945225651D40EBAE001B7EC3 /* ViewController.m */ = {isa = PBXFileReference; lastKnownFileType = sourcecode.c.objc; path = ViewController.m; sourceTree = "<group>"; };
		945225681D40EBAE001B7EC3 /* Base */ = {isa = PBXFileReference; lastKnownFileType = file.storyboard; name = Base; path = Base.lproj/Main.storyboard; sourceTree = "<group>"; };
		9452256A1D40EBAE001B7EC3 /* Assets.xcassets */ = {isa = PBXFileReference; lastKnownFileType = folder.assetcatalog; path = Assets.xcassets; sourceTree = "<group>"; };
		9452256D1D40EBAE001B7EC3 /* Base */ = {isa = PBXFileReference; lastKnownFileType = file.storyboard; name = Base; path = Base.lproj/LaunchScreen.storyboard; sourceTree = "<group>"; };
		9452256F1D40EBAE001B7EC3 /* Info.plist */ = {isa = PBXFileReference; lastKnownFileType = text.plist.xml; path = Info.plist; sourceTree = "<group>"; };
		945225741D40EBAE001B7EC3 /* WYCountdownButtonDemoTests.xctest */ = {isa = PBXFileReference; explicitFileType = wrapper.cfbundle; includeInIndex = 0; path = WYCountdownButtonDemoTests.xctest; sourceTree = BUILT_PRODUCTS_DIR; };
		945225781D40EBAE001B7EC3 /* WYCountdownButtonDemoTests.m */ = {isa = PBXFileReference; lastKnownFileType = sourcecode.c.objc; path = WYCountdownButtonDemoTests.m; sourceTree = "<group>"; };
		9452257A1D40EBAE001B7EC3 /* Info.plist */ = {isa = PBXFileReference; lastKnownFileType = text.plist.xml; path = Info.plist; sourceTree = "<group>"; };
		9452257F1D40EBAE001B7EC3 /* WYCountdownButtonDemoUITests.xctest */ = {isa = PBXFileReference; explicitFileType = wrapper.cfbundle; includeInIndex = 0; path = WYCountdownButtonDemoUITests.xctest; sourceTree = BUILT_PRODUCTS_DIR; };
		945225831D40EBAE001B7EC3 /* WYCountdownButtonDemoUITests.m */ = {isa = PBXFileReference; lastKnownFileType = sourcecode.c.objc; path = WYCountdownButtonDemoUITests.m; sourceTree = "<group>"; };
		945225851D40EBAE001B7EC3 /* Info.plist */ = {isa = PBXFileReference; lastKnownFileType = text.plist.xml; path = Info.plist; sourceTree = "<group>"; };
		945225921D40EBF5001B7EC3 /* WYCountdownButton.h */ = {isa = PBXFileReference; fileEncoding = 4; lastKnownFileType = sourcecode.c.h; path = WYCountdownButton.h; sourceTree = "<group>"; };
		945225931D40EBF5001B7EC3 /* WYCountdownButton.m */ = {isa = PBXFileReference; fileEncoding = 4; lastKnownFileType = sourcecode.c.objc; path = WYCountdownButton.m; sourceTree = "<group>"; };
		945225961D410459001B7EC3 /* countDownGIF.gif */ = {isa = PBXFileReference; lastKnownFileType = image.gif; path = countDownGIF.gif; sourceTree = "<group>"; };
/* End PBXFileReference section */

/* Begin PBXFrameworksBuildPhase section */
		945225581D40EBAE001B7EC3 /* Frameworks */ = {
			isa = PBXFrameworksBuildPhase;
			buildActionMask = 2147483647;
			files = (
			);
			runOnlyForDeploymentPostprocessing = 0;
		};
		945225711D40EBAE001B7EC3 /* Frameworks */ = {
			isa = PBXFrameworksBuildPhase;
			buildActionMask = 2147483647;
			files = (
			);
			runOnlyForDeploymentPostprocessing = 0;
		};
		9452257C1D40EBAE001B7EC3 /* Frameworks */ = {
			isa = PBXFrameworksBuildPhase;
			buildActionMask = 2147483647;
			files = (
			);
			runOnlyForDeploymentPostprocessing = 0;
		};
/* End PBXFrameworksBuildPhase section */

/* Begin PBXGroup section */
		945225521D40EBAE001B7EC3 = {
			isa = PBXGroup;
			children = (
				9452255D1D40EBAE001B7EC3 /* WYCountdownButtonDemo */,
				945225771D40EBAE001B7EC3 /* WYCountdownButtonDemoTests */,
				945225821D40EBAE001B7EC3 /* WYCountdownButtonDemoUITests */,
				9452255C1D40EBAE001B7EC3 /* Products */,
			);
			sourceTree = "<group>";
		};
		9452255C1D40EBAE001B7EC3 /* Products */ = {
			isa = PBXGroup;
			children = (
				9452255B1D40EBAE001B7EC3 /* WYCountdownButtonDemo.app */,
				945225741D40EBAE001B7EC3 /* WYCountdownButtonDemoTests.xctest */,
				9452257F1D40EBAE001B7EC3 /* WYCountdownButtonDemoUITests.xctest */,
			);
			name = Products;
			sourceTree = "<group>";
		};
		9452255D1D40EBAE001B7EC3 /* WYCountdownButtonDemo */ = {
			isa = PBXGroup;
			children = (
				945225951D41044F001B7EC3 /* GIF */,
				945225911D40EBF5001B7EC3 /* WYCountdownButton */,
				945225611D40EBAE001B7EC3 /* AppDelegate.h */,
				945225621D40EBAE001B7EC3 /* AppDelegate.m */,
				945225641D40EBAE001B7EC3 /* ViewController.h */,
				945225651D40EBAE001B7EC3 /* ViewController.m */,
				945225671D40EBAE001B7EC3 /* Main.storyboard */,
				9452256A1D40EBAE001B7EC3 /* Assets.xcassets */,
				9452256C1D40EBAE001B7EC3 /* LaunchScreen.storyboard */,
				9452256F1D40EBAE001B7EC3 /* Info.plist */,
				9452255E1D40EBAE001B7EC3 /* Supporting Files */,
			);
			path = WYCountdownButtonDemo;
			sourceTree = "<group>";
		};
		9452255E1D40EBAE001B7EC3 /* Supporting Files */ = {
			isa = PBXGroup;
			children = (
				9452255F1D40EBAE001B7EC3 /* main.m */,
			);
			name = "Supporting Files";
			sourceTree = "<group>";
		};
		945225771D40EBAE001B7EC3 /* WYCountdownButtonDemoTests */ = {
			isa = PBXGroup;
			children = (
				945225781D40EBAE001B7EC3 /* WYCountdownButtonDemoTests.m */,
				9452257A1D40EBAE001B7EC3 /* Info.plist */,
			);
			path = WYCountdownButtonDemoTests;
			sourceTree = "<group>";
		};
		945225821D40EBAE001B7EC3 /* WYCountdownButtonDemoUITests */ = {
			isa = PBXGroup;
			children = (
				945225831D40EBAE001B7EC3 /* WYCountdownButtonDemoUITests.m */,
				945225851D40EBAE001B7EC3 /* Info.plist */,
			);
			path = WYCountdownButtonDemoUITests;
			sourceTree = "<group>";
		};
		945225911D40EBF5001B7EC3 /* WYCountdownButton */ = {
			isa = PBXGroup;
			children = (
				945225921D40EBF5001B7EC3 /* WYCountdownButton.h */,
				945225931D40EBF5001B7EC3 /* WYCountdownButton.m */,
			);
			path = WYCountdownButton;
			sourceTree = "<group>";
		};
		945225951D41044F001B7EC3 /* GIF */ = {
			isa = PBXGroup;
			children = (
				945225961D410459001B7EC3 /* countDownGIF.gif */,
			);
			name = GIF;
			sourceTree = "<group>";
		};
/* End PBXGroup section */

/* Begin PBXNativeTarget section */
		9452255A1D40EBAE001B7EC3 /* WYCountdownButtonDemo */ = {
			isa = PBXNativeTarget;
			buildConfigurationList = 945225881D40EBAE001B7EC3 /* Build configuration list for PBXNativeTarget "WYCountdownButtonDemo" */;
			buildPhases = (
				945225571D40EBAE001B7EC3 /* Sources */,
				945225581D40EBAE001B7EC3 /* Frameworks */,
				945225591D40EBAE001B7EC3 /* Resources */,
			);
			buildRules = (
			);
			dependencies = (
			);
			name = WYCountdownButtonDemo;
			productName = WYCountdownButtonDemo;
			productReference = 9452255B1D40EBAE001B7EC3 /* WYCountdownButtonDemo.app */;
			productType = "com.apple.product-type.application";
		};
		945225731D40EBAE001B7EC3 /* WYCountdownButtonDemoTests */ = {
			isa = PBXNativeTarget;
			buildConfigurationList = 9452258B1D40EBAE001B7EC3 /* Build configuration list for PBXNativeTarget "WYCountdownButtonDemoTests" */;
			buildPhases = (
				945225701D40EBAE001B7EC3 /* Sources */,
				945225711D40EBAE001B7EC3 /* Frameworks */,
				945225721D40EBAE001B7EC3 /* Resources */,
			);
			buildRules = (
			);
			dependencies = (
				945225761D40EBAE001B7EC3 /* PBXTargetDependency */,
			);
			name = WYCountdownButtonDemoTests;
			productName = WYCountdownButtonDemoTests;
			productReference = 945225741D40EBAE001B7EC3 /* WYCountdownButtonDemoTests.xctest */;
			productType = "com.apple.product-type.bundle.unit-test";
		};
		9452257E1D40EBAE001B7EC3 /* WYCountdownButtonDemoUITests */ = {
			isa = PBXNativeTarget;
			buildConfigurationList = 9452258E1D40EBAE001B7EC3 /* Build configuration list for PBXNativeTarget "WYCountdownButtonDemoUITests" */;
			buildPhases = (
				9452257B1D40EBAE001B7EC3 /* Sources */,
				9452257C1D40EBAE001B7EC3 /* Frameworks */,
				9452257D1D40EBAE001B7EC3 /* Resources */,
			);
			buildRules = (
			);
			dependencies = (
				945225811D40EBAE001B7EC3 /* PBXTargetDependency */,
			);
			name = WYCountdownButtonDemoUITests;
			productName = WYCountdownButtonDemoUITests;
			productReference = 9452257F1D40EBAE001B7EC3 /* WYCountdownButtonDemoUITests.xctest */;
			productType = "com.apple.product-type.bundle.ui-testing";
		};
/* End PBXNativeTarget section */

/* Begin PBXProject section */
		945225531D40EBAE001B7EC3 /* Project object */ = {
			isa = PBXProject;
			attributes = {
				LastUpgradeCheck = 0720;
				ORGANIZATIONNAME = lwy1218;
				TargetAttributes = {
					9452255A1D40EBAE001B7EC3 = {
						CreatedOnToolsVersion = 7.2;
					};
					945225731D40EBAE001B7EC3 = {
						CreatedOnToolsVersion = 7.2;
						TestTargetID = 9452255A1D40EBAE001B7EC3;
					};
					9452257E1D40EBAE001B7EC3 = {
						CreatedOnToolsVersion = 7.2;
						TestTargetID = 9452255A1D40EBAE001B7EC3;
					};
				};
			};
			buildConfigurationList = 945225561D40EBAE001B7EC3 /* Build configuration list for PBXProject "WYCountdownButtonDemo" */;
			compatibilityVersion = "Xcode 3.2";
			developmentRegion = English;
			hasScannedForEncodings = 0;
			knownRegions = (
				en,
				Base,
			);
			mainGroup = 945225521D40EBAE001B7EC3;
			productRefGroup = 9452255C1D40EBAE001B7EC3 /* Products */;
			projectDirPath = "";
			projectRoot = "";
			targets = (
				9452255A1D40EBAE001B7EC3 /* WYCountdownButtonDemo */,
				945225731D40EBAE001B7EC3 /* WYCountdownButtonDemoTests */,
				9452257E1D40EBAE001B7EC3 /* WYCountdownButtonDemoUITests */,
			);
		};
/* End PBXProject section */

/* Begin PBXResourcesBuildPhase section */
		945225591D40EBAE001B7EC3 /* Resources */ = {
			isa = PBXResourcesBuildPhase;
			buildActionMask = 2147483647;
			files = (
				9452256E1D40EBAE001B7EC3 /* LaunchScreen.storyboard in Resources */,
				9452256B1D40EBAE001B7EC3 /* Assets.xcassets in Resources */,
				945225691D40EBAE001B7EC3 /* Main.storyboard in Resources */,
				945225971D410459001B7EC3 /* countDownGIF.gif in Resources */,
			);
			runOnlyForDeploymentPostprocessing = 0;
		};
		945225721D40EBAE001B7EC3 /* Resources */ = {
			isa = PBXResourcesBuildPhase;
			buildActionMask = 2147483647;
			files = (
			);
			runOnlyForDeploymentPostprocessing = 0;
		};
		9452257D1D40EBAE001B7EC3 /* Resources */ = {
			isa = PBXResourcesBuildPhase;
			buildActionMask = 2147483647;
			files = (
			);
			runOnlyForDeploymentPostprocessing = 0;
		};
/* End PBXResourcesBuildPhase section */

/* Begin PBXSourcesBuildPhase section */
		945225571D40EBAE001B7EC3 /* Sources */ = {
			isa = PBXSourcesBuildPhase;
			buildActionMask = 2147483647;
			files = (
				945225661D40EBAE001B7EC3 /* ViewController.m in Sources */,
				945225631D40EBAE001B7EC3 /* AppDelegate.m in Sources */,
				945225601D40EBAE001B7EC3 /* main.m in Sources */,
				945225941D40EBF5001B7EC3 /* WYCountdownButton.m in Sources */,
			);
			runOnlyForDeploymentPostprocessing = 0;
		};
		945225701D40EBAE001B7EC3 /* Sources */ = {
			isa = PBXSourcesBuildPhase;
			buildActionMask = 2147483647;
			files = (
				945225791D40EBAE001B7EC3 /* WYCountdownButtonDemoTests.m in Sources */,
			);
			runOnlyForDeploymentPostprocessing = 0;
		};
		9452257B1D40EBAE001B7EC3 /* Sources */ = {
			isa = PBXSourcesBuildPhase;
			buildActionMask = 2147483647;
			files = (
				945225841D40EBAE001B7EC3 /* WYCountdownButtonDemoUITests.m in Sources */,
			);
			runOnlyForDeploymentPostprocessing = 0;
		};
/* End PBXSourcesBuildPhase section */

/* Begin PBXTargetDependency section */
		945225761D40EBAE001B7EC3 /* PBXTargetDependency */ = {
			isa = PBXTargetDependency;
			target = 9452255A1D40EBAE001B7EC3 /* WYCountdownButtonDemo */;
			targetProxy = 945225751D40EBAE001B7EC3 /* PBXContainerItemProxy */;
		};
		945225811D40EBAE001B7EC3 /* PBXTargetDependency */ = {
			isa = PBXTargetDependency;
			target = 9452255A1D40EBAE001B7EC3 /* WYCountdownButtonDemo */;
			targetProxy = 945225801D40EBAE001B7EC3 /* PBXContainerItemProxy */;
		};
/* End PBXTargetDependency section */

/* Begin PBXVariantGroup section */
		945225671D40EBAE001B7EC3 /* Main.storyboard */ = {
			isa = PBXVariantGroup;
			children = (
				945225681D40EBAE001B7EC3 /* Base */,
			);
			name = Main.storyboard;
			sourceTree = "<group>";
		};
		9452256C1D40EBAE001B7EC3 /* LaunchScreen.storyboard */ = {
			isa = PBXVariantGroup;
			children = (
				9452256D1D40EBAE001B7EC3 /* Base */,
			);
			name = LaunchScreen.storyboard;
			sourceTree = "<group>";
		};
/* End PBXVariantGroup section */

/* Begin XCBuildConfiguration section */
		945225861D40EBAE001B7EC3 /* Debug */ = {
			isa = XCBuildConfiguration;
			buildSettings = {
				ALWAYS_SEARCH_USER_PATHS = NO;
				CLANG_CXX_LANGUAGE_STANDARD = "gnu++0x";
				CLANG_CXX_LIBRARY = "libc++";
				CLANG_ENABLE_MODULES = YES;
				CLANG_ENABLE_OBJC_ARC = YES;
				CLANG_WARN_BOOL_CONVERSION = YES;
				CLANG_WARN_CONSTANT_CONVERSION = YES;
				CLANG_WARN_DIRECT_OBJC_ISA_USAGE = YES_ERROR;
				CLANG_WARN_EMPTY_BODY = YES;
				CLANG_WARN_ENUM_CONVERSION = YES;
				CLANG_WARN_INT_CONVERSION = YES;
				CLANG_WARN_OBJC_ROOT_CLASS = YES_ERROR;
				CLANG_WARN_UNREACHABLE_CODE = YES;
				CLANG_WARN__DUPLICATE_METHOD_MATCH = YES;
				"CODE_SIGN_IDENTITY[sdk=iphoneos*]" = "iPhone Developer";
				COPY_PHASE_STRIP = NO;
				DEBUG_INFORMATION_FORMAT = dwarf;
				ENABLE_STRICT_OBJC_MSGSEND = YES;
				ENABLE_TESTABILITY = YES;
				GCC_C_LANGUAGE_STANDARD = gnu99;
				GCC_DYNAMIC_NO_PIC = NO;
				GCC_NO_COMMON_BLOCKS = YES;
				GCC_OPTIMIZATION_LEVEL = 0;
				GCC_PREPROCESSOR_DEFINITIONS = (
					"DEBUG=1",
					"$(inherited)",
				);
				GCC_WARN_64_TO_32_BIT_CONVERSION = YES;
				GCC_WARN_ABOUT_RETURN_TYPE = YES_ERROR;
				GCC_WARN_UNDECLARED_SELECTOR = YES;
				GCC_WARN_UNINITIALIZED_AUTOS = YES_AGGRESSIVE;
				GCC_WARN_UNUSED_FUNCTION = YES;
				GCC_WARN_UNUSED_VARIABLE = YES;
				IPHONEOS_DEPLOYMENT_TARGET = 9.2;
				MTL_ENABLE_DEBUG_INFO = YES;
				ONLY_ACTIVE_ARCH = YES;
				SDKROOT = iphoneos;
				TARGETED_DEVICE_FAMILY = "1,2";
			};
			name = Debug;
		};
		945225871D40EBAE001B7EC3 /* Release */ = {
			isa = XCBuildConfiguration;
			buildSettings = {
				ALWAYS_SEARCH_USER_PATHS = NO;
				CLANG_CXX_LANGUAGE_STANDARD = "gnu++0x";
				CLANG_CXX_LIBRARY = "libc++";
				CLANG_ENABLE_MODULES = YES;
				CLANG_ENABLE_OBJC_ARC = YES;
				CLANG_WARN_BOOL_CONVERSION = YES;
				CLANG_WARN_CONSTANT_CONVERSION = YES;
				CLANG_WARN_DIRECT_OBJC_ISA_USAGE = YES_ERROR;
				CLANG_WARN_EMPTY_BODY = YES;
				CLANG_WARN_ENUM_CONVERSION = YES;
				CLANG_WARN_INT_CONVERSION = YES;
				CLANG_WARN_OBJC_ROOT_CLASS = YES_ERROR;
				CLANG_WARN_UNREACHABLE_CODE = YES;
				CLANG_WARN__DUPLICATE_METHOD_MATCH = YES;
				"CODE_SIGN_IDENTITY[sdk=iphoneos*]" = "iPhone Developer";
				COPY_PHASE_STRIP = NO;
				DEBUG_INFORMATION_FORMAT = "dwarf-with-dsym";
				ENABLE_NS_ASSERTIONS = NO;
				ENABLE_STRICT_OBJC_MSGSEND = YES;
				GCC_C_LANGUAGE_STANDARD = gnu99;
				GCC_NO_COMMON_BLOCKS = YES;
				GCC_WARN_64_TO_32_BIT_CONVERSION = YES;
				GCC_WARN_ABOUT_RETURN_TYPE = YES_ERROR;
				GCC_WARN_UNDECLARED_SELECTOR = YES;
				GCC_WARN_UNINITIALIZED_AUTOS = YES_AGGRESSIVE;
				GCC_WARN_UNUSED_FUNCTION = YES;
				GCC_WARN_UNUSED_VARIABLE = YES;
				IPHONEOS_DEPLOYMENT_TARGET = 9.2;
				MTL_ENABLE_DEBUG_INFO = NO;
				SDKROOT = iphoneos;
				TARGETED_DEVICE_FAMILY = "1,2";
				VALIDATE_PRODUCT = YES;
			};
			name = Release;
		};
		945225891D40EBAE001B7EC3 /* Debug */ = {
			isa = XCBuildConfiguration;
			buildSettings = {
				ASSETCATALOG_COMPILER_APPICON_NAME = AppIcon;
				INFOPLIST_FILE = WYCountdownButtonDemo/Info.plist;
				LD_RUNPATH_SEARCH_PATHS = "$(inherited) @executable_path/Frameworks";
				PRODUCT_BUNDLE_IDENTIFIER = lwy.WYCountdownButtonDemo;
				PRODUCT_NAME = "$(TARGET_NAME)";
			};
			name = Debug;
		};
		9452258A1D40EBAE001B7EC3 /* Release */ = {
			isa = XCBuildConfiguration;
			buildSettings = {
				ASSETCATALOG_COMPILER_APPICON_NAME = AppIcon;
				INFOPLIST_FILE = WYCountdownButtonDemo/Info.plist;
				LD_RUNPATH_SEARCH_PATHS = "$(inherited) @executable_path/Frameworks";
				PRODUCT_BUNDLE_IDENTIFIER = lwy.WYCountdownButtonDemo;
				PRODUCT_NAME = "$(TARGET_NAME)";
			};
			name = Release;
		};
		9452258C1D40EBAE001B7EC3 /* Debug */ = {
			isa = XCBuildConfiguration;
			buildSettings = {
				BUNDLE_LOADER = "$(TEST_HOST)";
				INFOPLIST_FILE = WYCountdownButtonDemoTests/Info.plist;
				LD_RUNPATH_SEARCH_PATHS = "$(inherited) @executable_path/Frameworks @loader_path/Frameworks";
				PRODUCT_BUNDLE_IDENTIFIER = lwy.WYCountdownButtonDemoTests;
				PRODUCT_NAME = "$(TARGET_NAME)";
				TEST_HOST = "$(BUILT_PRODUCTS_DIR)/WYCountdownButtonDemo.app/WYCountdownButtonDemo";
			};
			name = Debug;
		};
		9452258D1D40EBAE001B7EC3 /* Release */ = {
			isa = XCBuildConfiguration;
			buildSettings = {
				BUNDLE_LOADER = "$(TEST_HOST)";
				INFOPLIST_FILE = WYCountdownButtonDemoTests/Info.plist;
				LD_RUNPATH_SEARCH_PATHS = "$(inherited) @executable_path/Frameworks @loader_path/Frameworks";
				PRODUCT_BUNDLE_IDENTIFIER = lwy.WYCountdownButtonDemoTests;
				PRODUCT_NAME = "$(TARGET_NAME)";
				TEST_HOST = "$(BUILT_PRODUCTS_DIR)/WYCountdownButtonDemo.app/WYCountdownButtonDemo";
			};
			name = Release;
		};
		9452258F1D40EBAE001B7EC3 /* Debug */ = {
			isa = XCBuildConfiguration;
			buildSettings = {
				INFOPLIST_FILE = WYCountdownButtonDemoUITests/Info.plist;
				LD_RUNPATH_SEARCH_PATHS = "$(inherited) @executable_path/Frameworks @loader_path/Frameworks";
				PRODUCT_BUNDLE_IDENTIFIER = lwy.WYCountdownButtonDemoUITests;
				PRODUCT_NAME = "$(TARGET_NAME)";
				TEST_TARGET_NAME = WYCountdownButtonDemo;
				USES_XCTRUNNER = YES;
			};
			name = Debug;
		};
		945225901D40EBAE001B7EC3 /* Release */ = {
			isa = XCBuildConfiguration;
			buildSettings = {
				INFOPLIST_FILE = WYCountdownButtonDemoUITests/Info.plist;
				LD_RUNPATH_SEARCH_PATHS = "$(inherited) @executable_path/Frameworks @loader_path/Frameworks";
				PRODUCT_BUNDLE_IDENTIFIER = lwy.WYCountdownButtonDemoUITests;
				PRODUCT_NAME = "$(TARGET_NAME)";
				TEST_TARGET_NAME = WYCountdownButtonDemo;
				USES_XCTRUNNER = YES;
			};
			name = Release;
		};
/* End XCBuildConfiguration section */

/* Begin XCConfigurationList section */
		945225561D40EBAE001B7EC3 /* Build configuration list for PBXProject "WYCountdownButtonDemo" */ = {
			isa = XCConfigurationList;
			buildConfigurations = (
				945225861D40EBAE001B7EC3 /* Debug */,
				945225871D40EBAE001B7EC3 /* Release */,
			);
			defaultConfigurationIsVisible = 0;
			defaultConfigurationName = Release;
		};
		945225881D40EBAE001B7EC3 /* Build configuration list for PBXNativeTarget "WYCountdownButtonDemo" */ = {
			isa = XCConfigurationList;
			buildConfigurations = (
				945225891D40EBAE001B7EC3 /* Debug */,
				9452258A1D40EBAE001B7EC3 /* Release */,
			);
			defaultConfigurationIsVisible = 0;
		};
		9452258B1D40EBAE001B7EC3 /* Build configuration list for PBXNativeTarget "WYCountdownButtonDemoTests" */ = {
			isa = XCConfigurationList;
			buildConfigurations = (
				9452258C1D40EBAE001B7EC3 /* Debug */,
				9452258D1D40EBAE001B7EC3 /* Release */,
			);
			defaultConfigurationIsVisible = 0;
		};
		9452258E1D40EBAE001B7EC3 /* Build configuration list for PBXNativeTarget "WYCountdownButtonDemoUITests" */ = {
			isa = XCConfigurationList;
			buildConfigurations = (
				9452258F1D40EBAE001B7EC3 /* Debug */,
				945225901D40EBAE001B7EC3 /* Release */,
			);
			defaultConfigurationIsVisible = 0;
		};
/* End XCConfigurationList section */
	};
	rootObject = 945225531D40EBAE001B7EC3 /* Project object */;
}
